
Microsoft Visual Studio Solution File, Format Version 12.00
# Visual Studio Version 17
VisualStudioVersion = 17.1.32328.378
MinimumVisualStudioVersion = 10.0.40219.1
Project("{9A19103F-16F7-4668-BE54-9A1E7A4F7556}") = "App", "App\App.csproj", "{C0BC6C85-09A4-4F1C-B42C-D5628566B38B}"
EndProject
Project("{9A19103F-16F7-4668-BE54-9A1E7A4F7556}") = "Harness", "Consumer\Harness.csproj", "{D180035C-E19B-4BAB-8156-66D27D68AF1B}"
EndProject
Project("{9A19103F-16F7-4668-BE54-9A1E7A4F7556}") = "App.Tests", "App.Tests\App.Tests.csproj", "{E937ABCC-2D30-4D16-884A-F0F81903F995}"
EndProject
Project("{2150E333-8FDC-42A3-9474-1A3956D46DE8}") = "Solution Items", "Solution Items", "{1508BB2F-B332-493F-8B09-D055FD176DDB}"
	ProjectSection(SolutionItems) = preProject
		README.md = README.md
	EndProjectSection
EndProject
Global
	GlobalSection(SolutionConfigurationPlatforms) = preSolution
		Debug|Any CPU = Debug|Any CPU
		Release|Any CPU = Release|Any CPU
	EndGlobalSection
	GlobalSection(ProjectConfigurationPlatforms) = postSolution
		{C0BC6C85-09A4-4F1C-B42C-D5628566B38B}.Debug|Any CPU.ActiveCfg = Debug|Any CPU
		{C0BC6C85-09A4-4F1C-B42C-D5628566B38B}.Debug|Any CPU.Build.0 = Debug|Any CPU
		{C0BC6C85-09A4-4F1C-B42C-D5628566B38B}.Release|Any CPU.ActiveCfg = Release|Any CPU
		{C0BC6C85-09A4-4F1C-B42C-D5628566B38B}.Release|Any CPU.Build.0 = Release|Any CPU
		{D180035C-E19B-4BAB-8156-66D27D68AF1B}.Debug|Any CPU.ActiveCfg = Debug|Any CPU
		{D180035C-E19B-4BAB-8156-66D27D68AF1B}.Debug|Any CPU.Build.0 = Debug|Any CPU
		{D180035C-E19B-4BAB-8156-66D27D68AF1B}.Release|Any CPU.ActiveCfg = Release|Any CPU
		{D180035C-E19B-4BAB-8156-66D27D68AF1B}.Release|Any CPU.Build.0 = Release|Any CPU
		{E937ABCC-2D30-4D16-884A-F0F81903F995}.Debug|Any CPU.ActiveCfg = Debug|Any CPU
		{E937ABCC-2D30-4D16-884A-F0F81903F995}.Debug|Any CPU.Build.0 = Debug|Any CPU
		{E937ABCC-2D30-4D16-884A-F0F81903F995}.Release|Any CPU.ActiveCfg = Release|Any CPU
		{E937ABCC-2D30-4D16-884A-F0F81903F995}.Release|Any CPU.Build.0 = Release|Any CPU
	EndGlobalSection
	GlobalSection(SolutionProperties) = preSolution
		HideSolutionNode = FALSE
	EndGlobalSection
	GlobalSection(ExtensibilityGlobals) = postSolution
		SolutionGuid = {440644AF-E905-43B0-84B8-CA01DAED0078}
	EndGlobalSection
EndGlobal
